<Solution>
  <Folder Name="/apps/">
    <Project Path="apps/Vayu.Cli/Vayu.Cli.csproj" />
    <Project Path="apps/Vayu.Desktop/Vayu.Desktop.csproj">
      <Platform Project="x86" />
    </Project>
    <Project Path="apps/Vayu.Tray/Vayu.Tray.csproj" />
  </Folder>
  <Folder Name="/src/">
    <Project Path="src/Vayu.AgentRuntime/Vayu.AgentRuntime.csproj" />
    <Project Path="src/Vayu.AI.Gemini/Vayu.AI.Gemini.csproj" />
    <Project Path="src/Vayu.AI.Local/Vayu.AI.Local.csproj" />
    <Project Path="src/Vayu.Automation.Windows/Vayu.Automation.Windows.csproj" />
    <Project Path="src/Vayu.Connectors.Files/Vayu.Connectors.Files.csproj" />
    <Project Path="src/Vayu.Connectors.GitHub/Vayu.Connectors.GitHub.csproj" />
    <Project Path="src/Vayu.Connectors.Gmail/Vayu.Connectors.Gmail.csproj" />
    <Project Path="src/Vayu.Connectors.Music/Vayu.Connectors.Music.csproj" />
    <Project Path="src/Vayu.Connectors.VSCode/Vayu.Connectors.VSCode.csproj" />
    <Project Path="src/Vayu.Core/Vayu.Core.csproj" />
    <Project Path="src/Vayu.Logging/Vayu.Logging.csproj" />
    <Project Path="src/Vayu.Memory/Vayu.Memory.csproj" />
    <Project Path="src/Vayu.Permissions/Vayu.Permissions.csproj" />
    <Project Path="src/Vayu.Security/Vayu.Security.csproj" />
    <Project Path="src/Vayu.Voice/Vayu.Voice.csproj" />
  </Folder>
  <Folder Name="/tests/">
    <Project Path="tests/Vayu.Core.Tests/Vayu.Core.Tests.csproj" />
    <Project Path="tests/Vayu.Permissions.Tests/Vayu.Permissions.Tests.csproj" />
    <Project Path="tests/Vayu.Security.Tests/Vayu.Security.Tests.csproj" />
  </Folder>
</Solution>
